// !$*UTF8*$!
{
	archiveVersion = 1;
	classes = {
	};
	objectVersion = 56;
	objects = {

/* Begin PBXBuildFile section */
		B487B1BD2B43F67E0065ECC7 /* SwiftUIDownloadWithCombineApp.swift in Sources */ = {isa = PBXBuildFile; fileRef = B487B1BC2B43F67E0065ECC7 /* SwiftUIDownloadWithCombineApp.swift */; };
		B487B1BF2B43F67E0065ECC7 /* ContentView.swift in Sources */ = {isa = PBXBuildFile; fileRef = B487B1BE2B43F67E0065ECC7 /* ContentView.swift */; };
		B487B1C12B43F67F0065ECC7 /* Assets.xcassets in Resources */ = {isa = PBXBuildFile; fileRef = B487B1C02B43F67F0065ECC7 /* Assets.xcassets */; };
		B487B1C42B43F67F0065ECC7 /* Preview Assets.xcassets in Resources */ = {isa = PBXBuildFile; fileRef = B487B1C32B43F67F0065ECC7 /* Preview Assets.xcassets */; };
		B487B1CE2B43F67F0065ECC7 /* SwiftUIDownloadWithCombineTests.swift in Sources */ = {isa = PBXBuildFile; fileRef = B487B1CD2B43F67F0065ECC7 /* SwiftUIDownloadWithCombineTests.swift */; };
		B487B1D82B43F67F0065ECC7 /* SwiftUIDownloadWithCombineUITests.swift in Sources */ = {isa = PBXBuildFile; fileRef = B487B1D72B43F67F0065ECC7 /* SwiftUIDownloadWithCombineUITests.swift */; };
		B487B1DA2B43F67F0065ECC7 /* SwiftUIDownloadWithCombineUITestsLaunchTests.swift in Sources */ = {isa = PBXBuildFile; fileRef = B487B1D92B43F67F0065ECC7 /* SwiftUIDownloadWithCombineUITestsLaunchTests.swift */; };
/* End PBXBuildFile section */

/* Begin PBXContainerItemProxy section */
		B487B1CA2B43F67F0065ECC7 /* PBXContainerItemProxy */ = {
			isa = PBXContainerItemProxy;
			containerPortal = B487B1B12B43F67E0065ECC7 /* Project object */;
			proxyType = 1;
			remoteGlobalIDString = B487B1B82B43F67E0065ECC7;
			remoteInfo = SwiftUIDownloadWithCombine;
		};
		B487B1D42B43F67F0065ECC7 /* PBXContainerItemProxy */ = {
			isa = PBXContainerItemProxy;
			containerPortal = B487B1B12B43F67E0065ECC7 /* Project object */;
			proxyType = 1;
			remoteGlobalIDString = B487B1B82B43F67E0065ECC7;
			remoteInfo = SwiftUIDownloadWithCombine;
		};
/* End PBXContainerItemProxy section */

/* Begin PBXFileReference section */
		B487B1B92B43F67E0065ECC7 /* SwiftUIDownloadWithCombine.app */ = {isa = PBXFileReference; explicitFileType = wrapper.application; includeInIndex = 0; path = SwiftUIDownloadWithCombine.app; sourceTree = BUILT_PRODUCTS_DIR; };
		B487B1BC2B43F67E0065ECC7 /* SwiftUIDownloadWithCombineApp.swift */ = {isa = PBXFileReference; lastKnownFileType = sourcecode.swift; path = SwiftUIDownloadWithCombineApp.swift; sourceTree = "<group>"; };
		B487B1BE2B43F67E0065ECC7 /* ContentView.swift */ = {isa = PBXFileReference; lastKnownFileType = sourcecode.swift; path = ContentView.swift; sourceTree = "<group>"; };
		B487B1C02B43F67F0065ECC7 /* Assets.xcassets */ = {isa = PBXFileReference; lastKnownFileType = folder.assetcatalog; path = Assets.xcassets; sourceTree = "<group>"; };
		B487B1C32B43F67F0065ECC7 /* Preview Assets.xcassets */ = {isa = PBXFileReference; lastKnownFileType = folder.assetcatalog; path = "Preview Assets.xcassets"; sourceTree = "<group>"; };
		B487B1C92B43F67F0065ECC7 /* SwiftUIDownloadWithCombineTests.xctest */ = {isa = PBXFileReference; explicitFileType = wrapper.cfbundle; includeInIndex = 0; path = SwiftUIDownloadWithCombineTests.xctest; sourceTree = BUILT_PRODUCTS_DIR; };
		B487B1CD2B43F67F0065ECC7 /* SwiftUIDownloadWithCombineTests.swift */ = {isa = PBXFileReference; lastKnownFileType = sourcecode.swift; path = SwiftUIDownloadWithCombineTests.swift; sourceTree = "<group>"; };
		B487B1D32B43F67F0065ECC7 /* SwiftUIDownloadWithCombineUITests.xctest */ = {isa = PBXFileReference; explicitFileType = wrapper.cfbundle; includeInIndex = 0; path = SwiftUIDownloadWithCombineUITests.xctest; sourceTree = BUILT_PRODUCTS_DIR; };
		B487B1D72B43F67F0065ECC7 /* SwiftUIDownloadWithCombineUITests.swift */ = {isa = PBXFileReference; lastKnownFileType = sourcecode.swift; path = SwiftUIDownloadWithCombineUITests.swift; sourceTree = "<group>"; };
		B487B1D92B43F67F0065ECC7 /* SwiftUIDownloadWithCombineUITestsLaunchTests.swift */ = {isa = PBXFileReference; lastKnownFileType = sourcecode.swift; path = SwiftUIDownloadWithCombineUITestsLaunchTests.swift; sourceTree = "<group>"; };
/* End PBXFileReference section */

/* Begin PBXFrameworksBuildPhase section */
		B487B1B62B43F67E0065ECC7 /* Frameworks */ = {
			isa = PBXFrameworksBuildPhase;
			buildActionMask = 2147483647;
			files = (
			);
			runOnlyForDeploymentPostprocessing = 0;
		};
		B487B1C62B43F67F0065ECC7 /* Frameworks */ = {
			isa = PBXFrameworksBuildPhase;
			buildActionMask = 2147483647;
			files = (
			);
			runOnlyForDeploymentPostprocessing = 0;
		};
		B487B1D02B43F67F0065ECC7 /* Frameworks */ = {
			isa = PBXFrameworksBuildPhase;
			buildActionMask = 2147483647;
			files = (
			);
			runOnlyForDeploymentPostprocessing = 0;
		};
/* End PBXFrameworksBuildPhase section */

/* Begin PBXGroup section */
		B487B1B02B43F67E0065ECC7 = {
			isa = PBXGroup;
			children = (
				B487B1BB2B43F67E0065ECC7 /* SwiftUIDownloadWithCombine */,
				B487B1CC2B43F67F0065ECC7 /* SwiftUIDownloadWithCombineTests */,
				B487B1D62B43F67F0065ECC7 /* SwiftUIDownloadWithCombineUITests */,
				B487B1BA2B43F67E0065ECC7 /* Products */,
			);
			sourceTree = "<group>";
		};
		B487B1BA2B43F67E0065ECC7 /* Products */ = {
			isa = PBXGroup;
			children = (
				B487B1B92B43F67E0065ECC7 /* SwiftUIDownloadWithCombine.app */,
				B487B1C92B43F67F0065ECC7 /* SwiftUIDownloadWithCombineTests.xctest */,
				B487B1D32B43F67F0065ECC7 /* SwiftUIDownloadWithCombineUITests.xctest */,
			);
			name = Products;
			sourceTree = "<group>";
		};
		B487B1BB2B43F67E0065ECC7 /* SwiftUIDownloadWithCombine */ = {
			isa = PBXGroup;
			children = (
				B487B1BC2B43F67E0065ECC7 /* SwiftUIDownloadWithCombineApp.swift */,
				B487B1BE2B43F67E0065ECC7 /* ContentView.swift */,
				B487B1C02B43F67F0065ECC7 /* Assets.xcassets */,
				B487B1C22B43F67F0065ECC7 /* Preview Content */,
			);
			path = SwiftUIDownloadWithCombine;
			sourceTree = "<group>";
		};
		B487B1C22B43F67F0065ECC7 /* Preview Content */ = {
			isa = PBXGroup;
			children = (
				B487B1C32B43F67F0065ECC7 /* Preview Assets.xcassets */,
			);
			path = "Preview Content";
			sourceTree = "<group>";
		};
		B487B1CC2B43F67F0065ECC7 /* SwiftUIDownloadWithCombineTests */ = {
			isa = PBXGroup;
			children = (
				B487B1CD2B43F67F0065ECC7 /* SwiftUIDownloadWithCombineTests.swift */,
			);
			path = SwiftUIDownloadWithCombineTests;
			sourceTree = "<group>";
		};
		B487B1D62B43F67F0065ECC7 /* SwiftUIDownloadWithCombineUITests */ = {
			isa = PBXGroup;
			children = (
				B487B1D72B43F67F0065ECC7 /* SwiftUIDownloadWithCombineUITests.swift */,
				B487B1D92B43F67F0065ECC7 /* SwiftUIDownloadWithCombineUITestsLaunchTests.swift */,
			);
			path = SwiftUIDownloadWithCombineUITests;
			sourceTree = "<group>";
		};
/* End PBXGroup section */

/* Begin PBXNativeTarget section */
		B487B1B82B43F67E0065ECC7 /* SwiftUIDownloadWithCombine */ = {
			isa = PBXNativeTarget;
			buildConfigurationList = B487B1DD2B43F67F0065ECC7 /* Build configuration list for PBXNativeTarget "SwiftUIDownloadWithCombine" */;
			buildPhases = (
				B487B1B52B43F67E0065ECC7 /* Sources */,
				B487B1B62B43F67E0065ECC7 /* Frameworks */,
				B487B1B72B43F67E0065ECC7 /* Resources */,
			);
			buildRules = (
			);
			dependencies = (
			);
			name = SwiftUIDownloadWithCombine;
			productName = SwiftUIDownloadWithCombine;
			productReference = B487B1B92B43F67E0065ECC7 /* SwiftUIDownloadWithCombine.app */;
			productType = "com.apple.product-type.application";
		};
		B487B1C82B43F67F0065ECC7 /* SwiftUIDownloadWithCombineTests */ = {
			isa = PBXNativeTarget;
			buildConfigurationList = B487B1E02B43F67F0065ECC7 /* Build configuration list for PBXNativeTarget "SwiftUIDownloadWithCombineTests" */;
			buildPhases = (
				B487B1C52B43F67F0065ECC7 /* Sources */,
				B487B1C62B43F67F0065ECC7 /* Frameworks */,
				B487B1C72B43F67F0065ECC7 /* Resources */,
			);
			buildRules = (
			);
			dependencies = (
				B487B1CB2B43F67F0065ECC7 /* PBXTargetDependency */,
			);
			name = SwiftUIDownloadWithCombineTests;
			productName = SwiftUIDownloadWithCombineTests;
			productReference = B487B1C92B43F67F0065ECC7 /* SwiftUIDownloadWithCombineTests.xctest */;
			productType = "com.apple.product-type.bundle.unit-test";
		};
		B487B1D22B43F67F0065ECC7 /* SwiftUIDownloadWithCombineUITests */ = {
			isa = PBXNativeTarget;
			buildConfigurationList = B487B1E32B43F67F0065ECC7 /* Build configuration list for PBXNativeTarget "SwiftUIDownloadWithCombineUITests" */;
			buildPhases = (
				B487B1CF2B43F67F0065ECC7 /* Sources */,
				B487B1D02B43F67F0065ECC7 /* Frameworks */,
				B487B1D12B43F67F0065ECC7 /* Resources */,
			);
			buildRules = (
			);
			dependencies = (
				B487B1D52B43F67F0065ECC7 /* PBXTargetDependency */,
			);
			name = SwiftUIDownloadWithCombineUITests;
			productName = SwiftUIDownloadWithCombineUITests;
			productReference = B487B1D32B43F67F0065ECC7 /* SwiftUIDownloadWithCombineUITests.xctest */;
			productType = "com.apple.product-type.bundle.ui-testing";
		};
/* End PBXNativeTarget section */

/* Begin PBXProject section */
		B487B1B12B43F67E0065ECC7 /* Project object */ = {
			isa = PBXProject;
			attributes = {
				BuildIndependentTargetsInParallel = 1;
				LastSwiftUpdateCheck = 1510;
				LastUpgradeCheck = 1510;
				TargetAttributes = {
					B487B1B82B43F67E0065ECC7 = {
						CreatedOnToolsVersion = 15.1;
					};
					B487B1C82B43F67F0065ECC7 = {
						CreatedOnToolsVersion = 15.1;
						TestTargetID = B487B1B82B43F67E0065ECC7;
					};
					B487B1D22B43F67F0065ECC7 = {
						CreatedOnToolsVersion = 15.1;
						TestTargetID = B487B1B82B43F67E0065ECC7;
					};
				};
			};
			buildConfigurationList = B487B1B42B43F67E0065ECC7 /* Build configuration list for PBXProject "SwiftUIDownloadWithCombine" */;
			compatibilityVersion = "Xcode 14.0";
			developmentRegion = en;
			hasScannedForEncodings = 0;
			knownRegions = (
				en,
				Base,
			);
			mainGroup = B487B1B02B43F67E0065ECC7;
			productRefGroup = B487B1BA2B43F67E0065ECC7 /* Products */;
			projectDirPath = "";
			projectRoot = "";
			targets = (
				B487B1B82B43F67E0065ECC7 /* SwiftUIDownloadWithCombine */,
				B487B1C82B43F67F0065ECC7 /* SwiftUIDownloadWithCombineTests */,
				B487B1D22B43F67F0065ECC7 /* SwiftUIDownloadWithCombineUITests */,
			);
		};
/* End PBXProject section */

/* Begin PBXResourcesBuildPhase section */
		B487B1B72B43F67E0065ECC7 /* Resources */ = {
			isa = PBXResourcesBuildPhase;
			buildActionMask = 2147483647;
			files = (
				B487B1C42B43F67F0065ECC7 /* Preview Assets.xcassets in Resources */,
				B487B1C12B43F67F0065ECC7 /* Assets.xcassets in Resources */,
			);
			runOnlyForDeploymentPostprocessing = 0;
		};
		B487B1C72B43F67F0065ECC7 /* Resources */ = {
			isa = PBXResourcesBuildPhase;
			buildActionMask = 2147483647;
			files = (
			);
			runOnlyForDeploymentPostprocessing = 0;
		};
		B487B1D12B43F67F0065ECC7 /* Resources */ = {
			isa = PBXResourcesBuildPhase;
			buildActionMask = 2147483647;
			files = (
			);
			runOnlyForDeploymentPostprocessing = 0;
		};
/* End PBXResourcesBuildPhase section */

/* Begin PBXSourcesBuildPhase section */
		B487B1B52B43F67E0065ECC7 /* Sources */ = {
			isa = PBXSourcesBuildPhase;
			buildActionMask = 2147483647;
			files = (
				B487B1BF2B43F67E0065ECC7 /* ContentView.swift in Sources */,
				B487B1BD2B43F67E0065ECC7 /* SwiftUIDownloadWithCombineApp.swift in Sources */,
			);
			runOnlyForDeploymentPostprocessing = 0;
		};
		B487B1C52B43F67F0065ECC7 /* Sources */ = {
			isa = PBXSourcesBuildPhase;
			buildActionMask = 2147483647;
			files = (
				B487B1CE2B43F67F0065ECC7 /* SwiftUIDownloadWithCombineTests.swift in Sources */,
			);
			runOnlyForDeploymentPostprocessing = 0;
		};
		B487B1CF2B43F67F0065ECC7 /* Sources */ = {
			isa = PBXSourcesBuildPhase;
			buildActionMask = 2147483647;
			files = (
				B487B1DA2B43F67F0065ECC7 /* SwiftUIDownloadWithCombineUITestsLaunchTests.swift in Sources */,
				B487B1D82B43F67F0065ECC7 /* SwiftUIDownloadWithCombineUITests.swift in Sources */,
			);
			runOnlyForDeploymentPostprocessing = 0;
		};
/* End PBXSourcesBuildPhase section */

/* Begin PBXTargetDependency section */
		B487B1CB2B43F67F0065ECC7 /* PBXTargetDependency */ = {
			isa = PBXTargetDependency;
			target = B487B1B82B43F67E0065ECC7 /* SwiftUIDownloadWithCombine */;
			targetProxy = B487B1CA2B43F67F0065ECC7 /* PBXContainerItemProxy */;
		};
		B487B1D52B43F67F0065ECC7 /* PBXTargetDependency */ = {
			isa = PBXTargetDependency;
			target = B487B1B82B43F67E0065ECC7 /* SwiftUIDownloadWithCombine */;
			targetProxy = B487B1D42B43F67F0065ECC7 /* PBXContainerItemProxy */;
		};
/* End PBXTargetDependency section */

/* Begin XCBuildConfiguration section */
		B487B1DB2B43F67F0065ECC7 /* Debug */ = {
			isa = XCBuildConfiguration;
			buildSettings = {
				ALWAYS_SEARCH_USER_PATHS = NO;
				ASSETCATALOG_COMPILER_GENERATE_SWIFT_ASSET_SYMBOL_EXTENSIONS = YES;
				CLANG_ANALYZER_NONNULL = YES;
				CLANG_ANALYZER_NUMBER_OBJECT_CONVERSION = YES_AGGRESSIVE;
				CLANG_CXX_LANGUAGE_STANDARD = "gnu++20";
				CLANG_ENABLE_MODULES = YES;
				CLANG_ENABLE_OBJC_ARC = YES;
				CLANG_ENABLE_OBJC_WEAK = YES;
				CLANG_WARN_BLOCK_CAPTURE_AUTORELEASING = YES;
				CLANG_WARN_BOOL_CONVERSION = YES;
				CLANG_WARN_COMMA = YES;
				CLANG_WARN_CONSTANT_CONVERSION = YES;
				CLANG_WARN_DEPRECATED_OBJC_IMPLEMENTATIONS = YES;
				CLANG_WARN_DIRECT_OBJC_ISA_USAGE = YES_ERROR;
				CLANG_WARN_DOCUMENTATION_COMMENTS = YES;
				CLANG_WARN_EMPTY_BODY = YES;
				CLANG_WARN_ENUM_CONVERSION = YES;
				CLANG_WARN_INFINITE_RECURSION = YES;
				CLANG_WARN_INT_CONVERSION = YES;
				CLANG_WARN_NON_LITERAL_NULL_CONVERSION = YES;
				CLANG_WARN_OBJC_IMPLICIT_RETAIN_SELF = YES;
				CLANG_WARN_OBJC_LITERAL_CONVERSION = YES;
				CLANG_WARN_OBJC_ROOT_CLASS = YES_ERROR;
				CLANG_WARN_QUOTED_INCLUDE_IN_FRAMEWORK_HEADER = YES;
				CLANG_WARN_RANGE_LOOP_ANALYSIS = YES;
				CLANG_WARN_STRICT_PROTOTYPES = YES;
				CLANG_WARN_SUSPICIOUS_MOVE = YES;
				CLANG_WARN_UNGUARDED_AVAILABILITY = YES_AGGRESSIVE;
				CLANG_WARN_UNREACHABLE_CODE = YES;
				CLANG_WARN__DUPLICATE_METHOD_MATCH = YES;
				COPY_PHASE_STRIP = NO;
				DEBUG_INFORMATION_FORMAT = dwarf;
				ENABLE_STRICT_OBJC_MSGSEND = YES;
				ENABLE_TESTABILITY = YES;
				ENABLE_USER_SCRIPT_SANDBOXING = YES;
				GCC_C_LANGUAGE_STANDARD = gnu17;
				GCC_DYNAMIC_NO_PIC = NO;
				GCC_NO_COMMON_BLOCKS = YES;
				GCC_OPTIMIZATION_LEVEL = 0;
				GCC_PREPROCESSOR_DEFINITIONS = (
					"DEBUG=1",
					"$(inherited)",
				);
				GCC_WARN_64_TO_32_BIT_CONVERSION = YES;
				GCC_WARN_ABOUT_RETURN_TYPE = YES_ERROR;
				GCC_WARN_UNDECLARED_SELECTOR = YES;
				GCC_WARN_UNINITIALIZED_AUTOS = YES_AGGRESSIVE;
				GCC_WARN_UNUSED_FUNCTION = YES;
				GCC_WARN_UNUSED_VARIABLE = YES;
				IPHONEOS_DEPLOYMENT_TARGET = 17.2;
				LOCALIZATION_PREFERS_STRING_CATALOGS = YES;
				MTL_ENABLE_DEBUG_INFO = INCLUDE_SOURCE;
				MTL_FAST_MATH = YES;
				ONLY_ACTIVE_ARCH = YES;
				SDKROOT = iphoneos;
				SWIFT_ACTIVE_COMPILATION_CONDITIONS = "DEBUG $(inherited)";
				SWIFT_OPTIMIZATION_LEVEL = "-Onone";
			};
			name = Debug;
		};
		B487B1DC2B43F67F0065ECC7 /* Release */ = {
			isa = XCBuildConfiguration;
			buildSettings = {
				ALWAYS_SEARCH_USER_PATHS = NO;
				ASSETCATALOG_COMPILER_GENERATE_SWIFT_ASSET_SYMBOL_EXTENSIONS = YES;
				CLANG_ANALYZER_NONNULL = YES;
				CLANG_ANALYZER_NUMBER_OBJECT_CONVERSION = YES_AGGRESSIVE;
				CLANG_CXX_LANGUAGE_STANDARD = "gnu++20";
				CLANG_ENABLE_MODULES = YES;
				CLANG_ENABLE_OBJC_ARC = YES;
				CLANG_ENABLE_OBJC_WEAK = YES;
				CLANG_WARN_BLOCK_CAPTURE_AUTORELEASING = YES;
				CLANG_WARN_BOOL_CONVERSION = YES;
				CLANG_WARN_COMMA = YES;
				CLANG_WARN_CONSTANT_CONVERSION = YES;
				CLANG_WARN_DEPRECATED_OBJC_IMPLEMENTATIONS = YES;
				CLANG_WARN_DIRECT_OBJC_ISA_USAGE = YES_ERROR;
				CLANG_WARN_DOCUMENTATION_COMMENTS = YES;
				CLANG_WARN_EMPTY_BODY = YES;
				CLANG_WARN_ENUM_CONVERSION = YES;
				CLANG_WARN_INFINITE_RECURSION = YES;
				CLANG_WARN_INT_CONVERSION = YES;
				CLANG_WARN_NON_LITERAL_NULL_CONVERSION = YES;
				CLANG_WARN_OBJC_IMPLICIT_RETAIN_SELF = YES;
				CLANG_WARN_OBJC_LITERAL_CONVERSION = YES;
				CLANG_WARN_OBJC_ROOT_CLASS = YES_ERROR;
				CLANG_WARN_QUOTED_INCLUDE_IN_FRAMEWORK_HEADER = YES;
				CLANG_WARN_RANGE_LOOP_ANALYSIS = YES;
				CLANG_WARN_STRICT_PROTOTYPES = YES;
				CLANG_WARN_SUSPICIOUS_MOVE = YES;
				CLANG_WARN_UNGUARDED_AVAILABILITY = YES_AGGRESSIVE;
				CLANG_WARN_UNREACHABLE_CODE = YES;
				CLANG_WARN__DUPLICATE_METHOD_MATCH = YES;
				COPY_PHASE_STRIP = NO;
				DEBUG_INFORMATION_FORMAT = "dwarf-with-dsym";
				ENABLE_NS_ASSERTIONS = NO;
				ENABLE_STRICT_OBJC_MSGSEND = YES;
				ENABLE_USER_SCRIPT_SANDBOXING = YES;
				GCC_C_LANGUAGE_STANDARD = gnu17;
				GCC_NO_COMMON_BLOCKS = YES;
				GCC_WARN_64_TO_32_BIT_CONVERSION = YES;
				GCC_WARN_ABOUT_RETURN_TYPE = YES_ERROR;
				GCC_WARN_UNDECLARED_SELECTOR = YES;
				GCC_WARN_UNINITIALIZED_AUTOS = YES_AGGRESSIVE;
				GCC_WARN_UNUSED_FUNCTION = YES;
				GCC_WARN_UNUSED_VARIABLE = YES;
				IPHONEOS_DEPLOYMENT_TARGET = 17.2;
				LOCALIZATION_PREFERS_STRING_CATALOGS = YES;
				MTL_ENABLE_DEBUG_INFO = NO;
				MTL_FAST_MATH = YES;
				SDKROOT = iphoneos;
				SWIFT_COMPILATION_MODE = wholemodule;
				VALIDATE_PRODUCT = YES;
			};
			name = Release;
		};
		B487B1DE2B43F67F0065ECC7 /* Debug */ = {
			isa = XCBuildConfiguration;
			buildSettings = {
				ASSETCATALOG_COMPILER_APPICON_NAME = AppIcon;
				ASSETCATALOG_COMPILER_GLOBAL_ACCENT_COLOR_NAME = AccentColor;
				CODE_SIGN_STYLE = Automatic;
				CURRENT_PROJECT_VERSION = 1;
				DEVELOPMENT_ASSET_PATHS = "\"SwiftUIDownloadWithCombine/Preview Content\"";
				DEVELOPMENT_TEAM = M4R48B9RH4;
				ENABLE_PREVIEWS = YES;
				GENERATE_INFOPLIST_FILE = YES;
				INFOPLIST_KEY_UIApplicationSceneManifest_Generation = YES;
				INFOPLIST_KEY_UIApplicationSupportsIndirectInputEvents = YES;
				INFOPLIST_KEY_UILaunchScreen_Generation = YES;
				INFOPLIST_KEY_UISupportedInterfaceOrientations_iPad = "UIInterfaceOrientationPortrait UIInterfaceOrientationPortraitUpsideDown UIInterfaceOrientationLandscapeLeft UIInterfaceOrientationLandscapeRight";
				INFOPLIST_KEY_UISupportedInterfaceOrientations_iPhone = "UIInterfaceOrientationPortrait UIInterfaceOrientationLandscapeLeft UIInterfaceOrientationLandscapeRight";
				LD_RUNPATH_SEARCH_PATHS = (
					"$(inherited)",
					"@executable_path/Frameworks",
				);
				MARKETING_VERSION = 1.0;
				PRODUCT_BUNDLE_IDENTIFIER = io.librasdk.SwiftUIDownloadWithCombine;
				PRODUCT_NAME = "$(TARGET_NAME)";
				SWIFT_EMIT_LOC_STRINGS = YES;
				SWIFT_VERSION = 5.0;
				TARGETED_DEVICE_FAMILY = "1,2";
			};
			name = Debug;
		};
		B487B1DF2B43F67F0065ECC7 /* Release */ = {
			isa = XCBuildConfiguration;
			buildSettings = {
				ASSETCATALOG_COMPILER_APPICON_NAME = AppIcon;
				ASSETCATALOG_COMPILER_GLOBAL_ACCENT_COLOR_NAME = AccentColor;
				CODE_SIGN_STYLE = Automatic;
				CURRENT_PROJECT_VERSION = 1;
				DEVELOPMENT_ASSET_PATHS = "\"SwiftUIDownloadWithCombine/Preview Content\"";
				DEVELOPMENT_TEAM = M4R48B9RH4;
				ENABLE_PREVIEWS = YES;
				GENERATE_INFOPLIST_FILE = YES;
				INFOPLIST_KEY_UIApplicationSceneManifest_Generation = YES;
				INFOPLIST_KEY_UIApplicationSupportsIndirectInputEvents = YES;
				INFOPLIST_KEY_UILaunchScreen_Generation = YES;
				INFOPLIST_KEY_UISupportedInterfaceOrientations_iPad = "UIInterfaceOrientationPortrait UIInterfaceOrientationPortraitUpsideDown UIInterfaceOrientationLandscapeLeft UIInterfaceOrientationLandscapeRight";
				INFOPLIST_KEY_UISupportedInterfaceOrientations_iPhone = "UIInterfaceOrientationPortrait UIInterfaceOrientationLandscapeLeft UIInterfaceOrientationLandscapeRight";
				LD_RUNPATH_SEARCH_PATHS = (
					"$(inherited)",
					"@executable_path/Frameworks",
				);
				MARKETING_VERSION = 1.0;
				PRODUCT_BUNDLE_IDENTIFIER = io.librasdk.SwiftUIDownloadWithCombine;
				PRODUCT_NAME = "$(TARGET_NAME)";
				SWIFT_EMIT_LOC_STRINGS = YES;
				SWIFT_VERSION = 5.0;
				TARGETED_DEVICE_FAMILY = "1,2";
			};
			name = Release;
		};
		B487B1E12B43F67F0065ECC7 /* Debug */ = {
			isa = XCBuildConfiguration;
			buildSettings = {
				ALWAYS_EMBED_SWIFT_STANDARD_LIBRARIES = YES;
				BUNDLE_LOADER = "$(TEST_HOST)";
				CODE_SIGN_STYLE = Automatic;
				CURRENT_PROJECT_VERSION = 1;
				DEVELOPMENT_TEAM = M4R48B9RH4;
				GENERATE_INFOPLIST_FILE = YES;
				IPHONEOS_DEPLOYMENT_TARGET = 17.2;
				MARKETING_VERSION = 1.0;
				PRODUCT_BUNDLE_IDENTIFIER = io.librasdk.SwiftUIDownloadWithCombineTests;
				PRODUCT_NAME = "$(TARGET_NAME)";
				SWIFT_EMIT_LOC_STRINGS = NO;
				SWIFT_VERSION = 5.0;
				TARGETED_DEVICE_FAMILY = "1,2";
				TEST_HOST = "$(BUILT_PRODUCTS_DIR)/SwiftUIDownloadWithCombine.app/$(BUNDLE_EXECUTABLE_FOLDER_PATH)/SwiftUIDownloadWithCombine";
			};
			name = Debug;
		};
		B487B1E22B43F67F0065ECC7 /* Release */ = {
			isa = XCBuildConfiguration;
			buildSettings = {
				ALWAYS_EMBED_SWIFT_STANDARD_LIBRARIES = YES;
				BUNDLE_LOADER = "$(TEST_HOST)";
				CODE_SIGN_STYLE = Automatic;
				CURRENT_PROJECT_VERSION = 1;
				DEVELOPMENT_TEAM = M4R48B9RH4;
				GENERATE_INFOPLIST_FILE = YES;
				IPHONEOS_DEPLOYMENT_TARGET = 17.2;
				MARKETING_VERSION = 1.0;
				PRODUCT_BUNDLE_IDENTIFIER = io.librasdk.SwiftUIDownloadWithCombineTests;
				PRODUCT_NAME = "$(TARGET_NAME)";
				SWIFT_EMIT_LOC_STRINGS = NO;
				SWIFT_VERSION = 5.0;
				TARGETED_DEVICE_FAMILY = "1,2";
				TEST_HOST = "$(BUILT_PRODUCTS_DIR)/SwiftUIDownloadWithCombine.app/$(BUNDLE_EXECUTABLE_FOLDER_PATH)/SwiftUIDownloadWithCombine";
			};
			name = Release;
		};
		B487B1E42B43F67F0065ECC7 /* Debug */ = {
			isa = XCBuildConfiguration;
			buildSettings = {
				ALWAYS_EMBED_SWIFT_STANDARD_LIBRARIES = YES;
				CODE_SIGN_STYLE = Automatic;
				CURRENT_PROJECT_VERSION = 1;
				DEVELOPMENT_TEAM = M4R48B9RH4;
				GENERATE_INFOPLIST_FILE = YES;
				MARKETING_VERSION = 1.0;
				PRODUCT_BUNDLE_IDENTIFIER = io.librasdk.SwiftUIDownloadWithCombineUITests;
				PRODUCT_NAME = "$(TARGET_NAME)";
				SWIFT_EMIT_LOC_STRINGS = NO;
				SWIFT_VERSION = 5.0;
				TARGETED_DEVICE_FAMILY = "1,2";
				TEST_TARGET_NAME = SwiftUIDownloadWithCombine;
			};
			name = Debug;
		};
		B487B1E52B43F67F0065ECC7 /* Release */ = {
			isa = XCBuildConfiguration;
			buildSettings = {
				ALWAYS_EMBED_SWIFT_STANDARD_LIBRARIES = YES;
				CODE_SIGN_STYLE = Automatic;
				CURRENT_PROJECT_VERSION = 1;
				DEVELOPMENT_TEAM = M4R48B9RH4;
				GENERATE_INFOPLIST_FILE = YES;
				MARKETING_VERSION = 1.0;
				PRODUCT_BUNDLE_IDENTIFIER = io.librasdk.SwiftUIDownloadWithCombineUITests;
				PRODUCT_NAME = "$(TARGET_NAME)";
				SWIFT_EMIT_LOC_STRINGS = NO;
				SWIFT_VERSION = 5.0;
				TARGETED_DEVICE_FAMILY = "1,2";
				TEST_TARGET_NAME = SwiftUIDownloadWithCombine;
			};
			name = Release;
		};
/* End XCBuildConfiguration section */

/* Begin XCConfigurationList section */
		B487B1B42B43F67E0065ECC7 /* Build configuration list for PBXProject "SwiftUIDownloadWithCombine" */ = {
			isa = XCConfigurationList;
			buildConfigurations = (
				B487B1DB2B43F67F0065ECC7 /* Debug */,
				B487B1DC2B43F67F0065ECC7 /* Release */,
			);
			defaultConfigurationIsVisible = 0;
			defaultConfigurationName = Release;
		};
		B487B1DD2B43F67F0065ECC7 /* Build configuration list for PBXNativeTarget "SwiftUIDownloadWithCombine" */ = {
			isa = XCConfigurationList;
			buildConfigurations = (
				B487B1DE2B43F67F0065ECC7 /* Debug */,
				B487B1DF2B43F67F0065ECC7 /* Release */,
			);
			defaultConfigurationIsVisible = 0;
			defaultConfigurationName = Release;
		};
		B487B1E02B43F67F0065ECC7 /* Build configuration list for PBXNativeTarget "SwiftUIDownloadWithCombineTests" */ = {
			isa = XCConfigurationList;
			buildConfigurations = (
				B487B1E12B43F67F0065ECC7 /* Debug */,
				B487B1E22B43F67F0065ECC7 /* Release */,
			);
			defaultConfigurationIsVisible = 0;
			defaultConfigurationName = Release;
		};
		B487B1E32B43F67F0065ECC7 /* Build configuration list for PBXNativeTarget "SwiftUIDownloadWithCombineUITests" */ = {
			isa = XCConfigurationList;
			buildConfigurations = (
				B487B1E42B43F67F0065ECC7 /* Debug */,
				B487B1E52B43F67F0065ECC7 /* Release */,
			);
			defaultConfigurationIsVisible = 0;
			defaultConfigurationName = Release;
		};
/* End XCConfigurationList section */
	};
	rootObject = B487B1B12B43F67E0065ECC7 /* Project object */;
}
